// !$*UTF8*$!
{
	archiveVersion = 1;
	classes = {
	};
	objectVersion = 46;
	objects = {

/* Begin PBXBuildFile section */
		561325B718F5DAF5001CB1A3 /* ProfileCollectionCell.m in Sources */ = {isa = PBXBuildFile; fileRef = 561325B618F5DAF5001CB1A3 /* ProfileCollectionCell.m */; };
		561325B918F5FCD4001CB1A3 /* profilePic.png in Resources */ = {isa = PBXBuildFile; fileRef = 561325B818F5FCD4001CB1A3 /* profilePic.png */; };
		814FA65118F33BA500F06DE7 /* Storyboard.storyboard in Resources */ = {isa = PBXBuildFile; fileRef = 814FA65018F33BA500F06DE7 /* Storyboard.storyboard */; };
		814FA65718F342A700F06DE7 /* ProfileViewController.m in Sources */ = {isa = PBXBuildFile; fileRef = 814FA65618F342A700F06DE7 /* ProfileViewController.m */; };
		814FA65D18F3449100F06DE7 /* ExploreViewController.m in Sources */ = {isa = PBXBuildFile; fileRef = 814FA65C18F3449100F06DE7 /* ExploreViewController.m */; };
		814FA66118F3490400F06DE7 /* ActivityViewController.m in Sources */ = {isa = PBXBuildFile; fileRef = 814FA66018F3490400F06DE7 /* ActivityViewController.m */; };
		814FA66418F34A7B00F06DE7 /* CameraViewController.m in Sources */ = {isa = PBXBuildFile; fileRef = 814FA66318F34A7B00F06DE7 /* CameraViewController.m */; };
		814FA6AE18F4650800F06DE7 /* HomeViewController.m in Sources */ = {isa = PBXBuildFile; fileRef = 814FA6AD18F4650800F06DE7 /* HomeViewController.m */; };
		814FA6B418F4867500F06DE7 /* MyTableViewCel.m in Sources */ = {isa = PBXBuildFile; fileRef = 814FA6B318F4867500F06DE7 /* MyTableViewCel.m */; };
		81B1A0FD18F32BB40053F5EF /* Foundation.framework in Frameworks */ = {isa = PBXBuildFile; fileRef = 81B1A0FC18F32BB40053F5EF /* Foundation.framework */; };
		81B1A0FF18F32BB40053F5EF /* CoreGraphics.framework in Frameworks */ = {isa = PBXBuildFile; fileRef = 81B1A0FE18F32BB40053F5EF /* CoreGraphics.framework */; };
		81B1A10118F32BB40053F5EF /* UIKit.framework in Frameworks */ = {isa = PBXBuildFile; fileRef = 81B1A10018F32BB40053F5EF /* UIKit.framework */; };
		81B1A10318F32BB40053F5EF /* CoreData.framework in Frameworks */ = {isa = PBXBuildFile; fileRef = 81B1A10218F32BB40053F5EF /* CoreData.framework */; };
		81B1A10918F32BB40053F5EF /* InfoPlist.strings in Resources */ = {isa = PBXBuildFile; fileRef = 81B1A10718F32BB40053F5EF /* InfoPlist.strings */; };
		81B1A10B18F32BB40053F5EF /* main.m in Sources */ = {isa = PBXBuildFile; fileRef = 81B1A10A18F32BB40053F5EF /* main.m */; };
		81B1A10F18F32BB40053F5EF /* AppDelegate.m in Sources */ = {isa = PBXBuildFile; fileRef = 81B1A10E18F32BB40053F5EF /* AppDelegate.m */; };
		81B1A11218F32BB40053F5EF /* RapidGram.xcdatamodeld in Sources */ = {isa = PBXBuildFile; fileRef = 81B1A11018F32BB40053F5EF /* RapidGram.xcdatamodeld */; };
		81B1A11418F32BB40053F5EF /* Images.xcassets in Resources */ = {isa = PBXBuildFile; fileRef = 81B1A11318F32BB40053F5EF /* Images.xcassets */; };
		81B1A11B18F32BB40053F5EF /* XCTest.framework in Frameworks */ = {isa = PBXBuildFile; fileRef = 81B1A11A18F32BB40053F5EF /* XCTest.framework */; };
		81B1A11C18F32BB40053F5EF /* Foundation.framework in Frameworks */ = {isa = PBXBuildFile; fileRef = 81B1A0FC18F32BB40053F5EF /* Foundation.framework */; };
		81B1A11D18F32BB40053F5EF /* UIKit.framework in Frameworks */ = {isa = PBXBuildFile; fileRef = 81B1A10018F32BB40053F5EF /* UIKit.framework */; };
		81B1A11E18F32BB40053F5EF /* CoreData.framework in Frameworks */ = {isa = PBXBuildFile; fileRef = 81B1A10218F32BB40053F5EF /* CoreData.framework */; };
		81B1A12618F32BB40053F5EF /* InfoPlist.strings in Resources */ = {isa = PBXBuildFile; fileRef = 81B1A12418F32BB40053F5EF /* InfoPlist.strings */; };
		81B1A12818F32BB40053F5EF /* RapidGramTests.m in Sources */ = {isa = PBXBuildFile; fileRef = 81B1A12718F32BB40053F5EF /* RapidGramTests.m */; };
		DAB1A802DBFF4E629DDA633D /* libPods.a in Frameworks */ = {isa = PBXBuildFile; fileRef = C853011A58B04EF69A2363BE /* libPods.a */; };
/* End PBXBuildFile section */

/* Begin PBXContainerItemProxy section */
		81B1A11F18F32BB40053F5EF /* PBXContainerItemProxy */ = {
			isa = PBXContainerItemProxy;
			containerPortal = 81B1A0F118F32BB40053F5EF /* Project object */;
			proxyType = 1;
			remoteGlobalIDString = 81B1A0F818F32BB40053F5EF;
			remoteInfo = RapidGram;
		};
/* End PBXContainerItemProxy section */

/* Begin PBXFileReference section */
		561325B518F5DAF5001CB1A3 /* ProfileCollectionCell.h */ = {isa = PBXFileReference; fileEncoding = 4; lastKnownFileType = sourcecode.c.h; path = ProfileCollectionCell.h; sourceTree = "<group>"; };
		561325B618F5DAF5001CB1A3 /* ProfileCollectionCell.m */ = {isa = PBXFileReference; fileEncoding = 4; lastKnownFileType = sourcecode.c.objc; path = ProfileCollectionCell.m; sourceTree = "<group>"; };
		561325B818F5FCD4001CB1A3 /* profilePic.png */ = {isa = PBXFileReference; lastKnownFileType = image.png; path = profilePic.png; sourceTree = "<group>"; };
		814FA65018F33BA500F06DE7 /* Storyboard.storyboard */ = {isa = PBXFileReference; fileEncoding = 4; lastKnownFileType = file.storyboard; name = Storyboard.storyboard; path = RapidGram/Storyboard.storyboard; sourceTree = "<group>"; };
		814FA65518F342A700F06DE7 /* ProfileViewController.h */ = {isa = PBXFileReference; fileEncoding = 4; lastKnownFileType = sourcecode.c.h; name = ProfileViewController.h; path = RapidGram/ProfileViewController.h; sourceTree = "<group>"; };
		814FA65618F342A700F06DE7 /* ProfileViewController.m */ = {isa = PBXFileReference; fileEncoding = 4; lastKnownFileType = sourcecode.c.objc; name = ProfileViewController.m; path = RapidGram/ProfileViewController.m; sourceTree = "<group>"; };
		814FA65B18F3449100F06DE7 /* ExploreViewController.h */ = {isa = PBXFileReference; fileEncoding = 4; lastKnownFileType = sourcecode.c.h; path = ExploreViewController.h; sourceTree = "<group>"; };
		814FA65C18F3449100F06DE7 /* ExploreViewController.m */ = {isa = PBXFileReference; fileEncoding = 4; lastKnownFileType = sourcecode.c.objc; path = ExploreViewController.m; sourceTree = "<group>"; };
		814FA65F18F3490400F06DE7 /* ActivityViewController.h */ = {isa = PBXFileReference; fileEncoding = 4; lastKnownFileType = sourcecode.c.h; name = ActivityViewController.h; path = RapidGram/ActivityViewController.h; sourceTree = "<group>"; };
		814FA66018F3490400F06DE7 /* ActivityViewController.m */ = {isa = PBXFileReference; fileEncoding = 4; lastKnownFileType = sourcecode.c.objc; name = ActivityViewController.m; path = RapidGram/ActivityViewController.m; sourceTree = "<group>"; };
		814FA66218F34A7B00F06DE7 /* CameraViewController.h */ = {isa = PBXFileReference; fileEncoding = 4; lastKnownFileType = sourcecode.c.h; name = CameraViewController.h; path = RapidGram/CameraViewController.h; sourceTree = "<group>"; };
		814FA66318F34A7B00F06DE7 /* CameraViewController.m */ = {isa = PBXFileReference; fileEncoding = 4; lastKnownFileType = sourcecode.c.objc; name = CameraViewController.m; path = RapidGram/CameraViewController.m; sourceTree = "<group>"; };
		814FA6AC18F4650800F06DE7 /* HomeViewController.h */ = {isa = PBXFileReference; fileEncoding = 4; lastKnownFileType = sourcecode.c.h; path = HomeViewController.h; sourceTree = "<group>"; };
		814FA6AD18F4650800F06DE7 /* HomeViewController.m */ = {isa = PBXFileReference; fileEncoding = 4; lastKnownFileType = sourcecode.c.objc; path = HomeViewController.m; sourceTree = "<group>"; };
		814FA6B218F4867500F06DE7 /* MyTableViewCel.h */ = {isa = PBXFileReference; fileEncoding = 4; lastKnownFileType = sourcecode.c.h; path = MyTableViewCel.h; sourceTree = "<group>"; };
		814FA6B318F4867500F06DE7 /* MyTableViewCel.m */ = {isa = PBXFileReference; fileEncoding = 4; lastKnownFileType = sourcecode.c.objc; path = MyTableViewCel.m; sourceTree = "<group>"; };
		81B1A0F918F32BB40053F5EF /* RapidGram.app */ = {isa = PBXFileReference; explicitFileType = wrapper.application; includeInIndex = 0; path = RapidGram.app; sourceTree = BUILT_PRODUCTS_DIR; };
		81B1A0FC18F32BB40053F5EF /* Foundation.framework */ = {isa = PBXFileReference; lastKnownFileType = wrapper.framework; name = Foundation.framework; path = System/Library/Frameworks/Foundation.framework; sourceTree = SDKROOT; };
		81B1A0FE18F32BB40053F5EF /* CoreGraphics.framework */ = {isa = PBXFileReference; lastKnownFileType = wrapper.framework; name = CoreGraphics.framework; path = System/Library/Frameworks/CoreGraphics.framework; sourceTree = SDKROOT; };
		81B1A10018F32BB40053F5EF /* UIKit.framework */ = {isa = PBXFileReference; lastKnownFileType = wrapper.framework; name = UIKit.framework; path = System/Library/Frameworks/UIKit.framework; sourceTree = SDKROOT; };
		81B1A10218F32BB40053F5EF /* CoreData.framework */ = {isa = PBXFileReference; lastKnownFileType = wrapper.framework; name = CoreData.framework; path = System/Library/Frameworks/CoreData.framework; sourceTree = SDKROOT; };
		81B1A10618F32BB40053F5EF /* RapidGram-Info.plist */ = {isa = PBXFileReference; lastKnownFileType = text.plist.xml; path = "RapidGram-Info.plist"; sourceTree = "<group>"; };
		81B1A10818F32BB40053F5EF /* en */ = {isa = PBXFileReference; lastKnownFileType = text.plist.strings; name = en; path = en.lproj/InfoPlist.strings; sourceTree = "<group>"; };
		81B1A10A18F32BB40053F5EF /* main.m */ = {isa = PBXFileReference; lastKnownFileType = sourcecode.c.objc; path = main.m; sourceTree = "<group>"; };
		81B1A10C18F32BB40053F5EF /* RapidGram-Prefix.pch */ = {isa = PBXFileReference; lastKnownFileType = sourcecode.c.h; path = "RapidGram-Prefix.pch"; sourceTree = "<group>"; };
		81B1A10D18F32BB40053F5EF /* AppDelegate.h */ = {isa = PBXFileReference; lastKnownFileType = sourcecode.c.h; path = AppDelegate.h; sourceTree = "<group>"; };
		81B1A10E18F32BB40053F5EF /* AppDelegate.m */ = {isa = PBXFileReference; lastKnownFileType = sourcecode.c.objc; path = AppDelegate.m; sourceTree = "<group>"; };
		81B1A11118F32BB40053F5EF /* RapidGram.xcdatamodel */ = {isa = PBXFileReference; lastKnownFileType = wrapper.xcdatamodel; path = RapidGram.xcdatamodel; sourceTree = "<group>"; };
		81B1A11318F32BB40053F5EF /* Images.xcassets */ = {isa = PBXFileReference; lastKnownFileType = folder.assetcatalog; path = Images.xcassets; sourceTree = "<group>"; };
		81B1A11918F32BB40053F5EF /* RapidGramTests.xctest */ = {isa = PBXFileReference; explicitFileType = wrapper.cfbundle; includeInIndex = 0; path = RapidGramTests.xctest; sourceTree = BUILT_PRODUCTS_DIR; };
		81B1A11A18F32BB40053F5EF /* XCTest.framework */ = {isa = PBXFileReference; lastKnownFileType = wrapper.framework; name = XCTest.framework; path = Library/Frameworks/XCTest.framework; sourceTree = DEVELOPER_DIR; };
		81B1A12318F32BB40053F5EF /* RapidGramTests-Info.plist */ = {isa = PBXFileReference; lastKnownFileType = text.plist.xml; path = "RapidGramTests-Info.plist"; sourceTree = "<group>"; };
		81B1A12518F32BB40053F5EF /* en */ = {isa = PBXFileReference; lastKnownFileType = text.plist.strings; name = en; path = en.lproj/InfoPlist.strings; sourceTree = "<group>"; };
		81B1A12718F32BB40053F5EF /* RapidGramTests.m */ = {isa = PBXFileReference; lastKnownFileType = sourcecode.c.objc; path = RapidGramTests.m; sourceTree = "<group>"; };
		C3C57F78D8BC47D2A39724B4 /* Pods.xcconfig */ = {isa = PBXFileReference; includeInIndex = 1; lastKnownFileType = text.xcconfig; name = Pods.xcconfig; path = Pods/Pods.xcconfig; sourceTree = "<group>"; };
		C853011A58B04EF69A2363BE /* libPods.a */ = {isa = PBXFileReference; explicitFileType = archive.ar; includeInIndex = 0; path = libPods.a; sourceTree = BUILT_PRODUCTS_DIR; };
/* End PBXFileReference section */

/* Begin PBXFrameworksBuildPhase section */
		81B1A0F618F32BB40053F5EF /* Frameworks */ = {
			isa = PBXFrameworksBuildPhase;
			buildActionMask = 2147483647;
			files = (
				81B1A0FF18F32BB40053F5EF /* CoreGraphics.framework in Frameworks */,
				81B1A10318F32BB40053F5EF /* CoreData.framework in Frameworks */,
				81B1A10118F32BB40053F5EF /* UIKit.framework in Frameworks */,
				81B1A0FD18F32BB40053F5EF /* Foundation.framework in Frameworks */,
				DAB1A802DBFF4E629DDA633D /* libPods.a in Frameworks */,
			);
			runOnlyForDeploymentPostprocessing = 0;
		};
		81B1A11618F32BB40053F5EF /* Frameworks */ = {
			isa = PBXFrameworksBuildPhase;
			buildActionMask = 2147483647;
			files = (
				81B1A11B18F32BB40053F5EF /* XCTest.framework in Frameworks */,
				81B1A11E18F32BB40053F5EF /* CoreData.framework in Frameworks */,
				81B1A11D18F32BB40053F5EF /* UIKit.framework in Frameworks */,
				81B1A11C18F32BB40053F5EF /* Foundation.framework in Frameworks */,
			);
			runOnlyForDeploymentPostprocessing = 0;
		};
/* End PBXFrameworksBuildPhase section */

/* Begin PBXGroup section */
		814FA65E18F344A600F06DE7 /* View Controllers */ = {
			isa = PBXGroup;
			children = (
				814FA6AC18F4650800F06DE7 /* HomeViewController.h */,
				814FA6AD18F4650800F06DE7 /* HomeViewController.m */,
				814FA65B18F3449100F06DE7 /* ExploreViewController.h */,
				814FA65C18F3449100F06DE7 /* ExploreViewController.m */,
				814FA66218F34A7B00F06DE7 /* CameraViewController.h */,
				814FA66318F34A7B00F06DE7 /* CameraViewController.m */,
				814FA65F18F3490400F06DE7 /* ActivityViewController.h */,
				814FA66018F3490400F06DE7 /* ActivityViewController.m */,
				814FA65518F342A700F06DE7 /* ProfileViewController.h */,
				814FA65618F342A700F06DE7 /* ProfileViewController.m */,
				561325B518F5DAF5001CB1A3 /* ProfileCollectionCell.h */,
				561325B618F5DAF5001CB1A3 /* ProfileCollectionCell.m */,
			);
			name = "View Controllers";
			sourceTree = "<group>";
		};
		81B1A0F018F32BB40053F5EF = {
			isa = PBXGroup;
			children = (
				814FA65018F33BA500F06DE7 /* Storyboard.storyboard */,
				561325B818F5FCD4001CB1A3 /* profilePic.png */,
				814FA65E18F344A600F06DE7 /* View Controllers */,
				81B1A10418F32BB40053F5EF /* RapidGram */,
				81B1A12118F32BB40053F5EF /* RapidGramTests */,
				81B1A0FB18F32BB40053F5EF /* Frameworks */,
				81B1A0FA18F32BB40053F5EF /* Products */,
				C3C57F78D8BC47D2A39724B4 /* Pods.xcconfig */,
			);
			sourceTree = "<group>";
		};
		81B1A0FA18F32BB40053F5EF /* Products */ = {
			isa = PBXGroup;
			children = (
				81B1A0F918F32BB40053F5EF /* RapidGram.app */,
				81B1A11918F32BB40053F5EF /* RapidGramTests.xctest */,
			);
			name = Products;
			sourceTree = "<group>";
		};
		81B1A0FB18F32BB40053F5EF /* Frameworks */ = {
			isa = PBXGroup;
			children = (
				81B1A0FC18F32BB40053F5EF /* Foundation.framework */,
				81B1A0FE18F32BB40053F5EF /* CoreGraphics.framework */,
				81B1A10018F32BB40053F5EF /* UIKit.framework */,
				81B1A10218F32BB40053F5EF /* CoreData.framework */,
				81B1A11A18F32BB40053F5EF /* XCTest.framework */,
				C853011A58B04EF69A2363BE /* libPods.a */,
			);
			name = Frameworks;
			sourceTree = "<group>";
		};
		81B1A10418F32BB40053F5EF /* RapidGram */ = {
			isa = PBXGroup;
			children = (
				814FA6B218F4867500F06DE7 /* MyTableViewCel.h */,
				814FA6B318F4867500F06DE7 /* MyTableViewCel.m */,
				81B1A10D18F32BB40053F5EF /* AppDelegate.h */,
				81B1A10E18F32BB40053F5EF /* AppDelegate.m */,
				81B1A11318F32BB40053F5EF /* Images.xcassets */,
				81B1A11018F32BB40053F5EF /* RapidGram.xcdatamodeld */,
				81B1A10518F32BB40053F5EF /* Supporting Files */,
			);
			path = RapidGram;
			sourceTree = "<group>";
		};
		81B1A10518F32BB40053F5EF /* Supporting Files */ = {
			isa = PBXGroup;
			children = (
				81B1A10618F32BB40053F5EF /* RapidGram-Info.plist */,
				81B1A10718F32BB40053F5EF /* InfoPlist.strings */,
				81B1A10A18F32BB40053F5EF /* main.m */,
				81B1A10C18F32BB40053F5EF /* RapidGram-Prefix.pch */,
			);
			name = "Supporting Files";
			sourceTree = "<group>";
		};
		81B1A12118F32BB40053F5EF /* RapidGramTests */ = {
			isa = PBXGroup;
			children = (
				81B1A12718F32BB40053F5EF /* RapidGramTests.m */,
				81B1A12218F32BB40053F5EF /* Supporting Files */,
			);
			path = RapidGramTests;
			sourceTree = "<group>";
		};
		81B1A12218F32BB40053F5EF /* Supporting Files */ = {
			isa = PBXGroup;
			children = (
				81B1A12318F32BB40053F5EF /* RapidGramTests-Info.plist */,
				81B1A12418F32BB40053F5EF /* InfoPlist.strings */,
			);
			name = "Supporting Files";
			sourceTree = "<group>";
		};
/* End PBXGroup section */

/* Begin PBXNativeTarget section */
		81B1A0F818F32BB40053F5EF /* RapidGram */ = {
			isa = PBXNativeTarget;
			buildConfigurationList = 81B1A12B18F32BB50053F5EF /* Build configuration list for PBXNativeTarget "RapidGram" */;
			buildPhases = (
				A161E66B4F8F4BCA8A6FC99C /* Check Pods Manifest.lock */,
				81B1A0F518F32BB40053F5EF /* Sources */,
				81B1A0F618F32BB40053F5EF /* Frameworks */,
				81B1A0F718F32BB40053F5EF /* Resources */,
				76BD926E270C439BBA24628A /* Copy Pods Resources */,
			);
			buildRules = (
			);
			dependencies = (
			);
			name = RapidGram;
			productName = RapidGram;
			productReference = 81B1A0F918F32BB40053F5EF /* RapidGram.app */;
			productType = "com.apple.product-type.application";
		};
		81B1A11818F32BB40053F5EF /* RapidGramTests */ = {
			isa = PBXNativeTarget;
			buildConfigurationList = 81B1A12E18F32BB50053F5EF /* Build configuration list for PBXNativeTarget "RapidGramTests" */;
			buildPhases = (
				81B1A11518F32BB40053F5EF /* Sources */,
				81B1A11618F32BB40053F5EF /* Frameworks */,
				81B1A11718F32BB40053F5EF /* Resources */,
			);
			buildRules = (
			);
			dependencies = (
				81B1A12018F32BB40053F5EF /* PBXTargetDependency */,
			);
			name = RapidGramTests;
			productName = RapidGramTests;
			productReference = 81B1A11918F32BB40053F5EF /* RapidGramTests.xctest */;
			productType = "com.apple.product-type.bundle.unit-test";
		};
/* End PBXNativeTarget section */

/* Begin PBXProject section */
		81B1A0F118F32BB40053F5EF /* Project object */ = {
			isa = PBXProject;
			attributes = {
				LastUpgradeCheck = 0510;
				ORGANIZATIONNAME = "Steve Toosevich";
				TargetAttributes = {
					81B1A11818F32BB40053F5EF = {
						TestTargetID = 81B1A0F818F32BB40053F5EF;
					};
				};
			};
			buildConfigurationList = 81B1A0F418F32BB40053F5EF /* Build configuration list for PBXProject "RapidGram" */;
			compatibilityVersion = "Xcode 3.2";
			developmentRegion = English;
			hasScannedForEncodings = 0;
			knownRegions = (
				en,
			);
			mainGroup = 81B1A0F018F32BB40053F5EF;
			productRefGroup = 81B1A0FA18F32BB40053F5EF /* Products */;
			projectDirPath = "";
			projectRoot = "";
			targets = (
				81B1A0F818F32BB40053F5EF /* RapidGram */,
				81B1A11818F32BB40053F5EF /* RapidGramTests */,
			);
		};
/* End PBXProject section */

/* Begin PBXResourcesBuildPhase section */
		81B1A0F718F32BB40053F5EF /* Resources */ = {
			isa = PBXResourcesBuildPhase;
			buildActionMask = 2147483647;
			files = (
				561325B918F5FCD4001CB1A3 /* profilePic.png in Resources */,
				81B1A10918F32BB40053F5EF /* InfoPlist.strings in Resources */,
				81B1A11418F32BB40053F5EF /* Images.xcassets in Resources */,
				814FA65118F33BA500F06DE7 /* Storyboard.storyboard in Resources */,
			);
			runOnlyForDeploymentPostprocessing = 0;
		};
		81B1A11718F32BB40053F5EF /* Resources */ = {
			isa = PBXResourcesBuildPhase;
			buildActionMask = 2147483647;
			files = (
				81B1A12618F32BB40053F5EF /* InfoPlist.strings in Resources */,
			);
			runOnlyForDeploymentPostprocessing = 0;
		};
/* End PBXResourcesBuildPhase section */

/* Begin PBXShellScriptBuildPhase section */
		76BD926E270C439BBA24628A /* Copy Pods Resources */ = {
			isa = PBXShellScriptBuildPhase;
			buildActionMask = 2147483647;
			files = (
			);
			inputPaths = (
			);
			name = "Copy Pods Resources";
			outputPaths = (
			);
			runOnlyForDeploymentPostprocessing = 0;
			shellPath = /bin/sh;
			shellScript = "\"${SRCROOT}/Pods/Pods-resources.sh\"\n";
			showEnvVarsInLog = 0;
		};
		A161E66B4F8F4BCA8A6FC99C /* Check Pods Manifest.lock */ = {
			isa = PBXShellScriptBuildPhase;
			buildActionMask = 2147483647;
			files = (
			);
			inputPaths = (
			);
			name = "Check Pods Manifest.lock";
			outputPaths = (
			);
			runOnlyForDeploymentPostprocessing = 0;
			shellPath = /bin/sh;
			shellScript = "diff \"${PODS_ROOT}/../Podfile.lock\" \"${PODS_ROOT}/Manifest.lock\" > /dev/null\nif [[ $? != 0 ]] ; then\n    cat << EOM\nerror: The sandbox is not in sync with the Podfile.lock. Run 'pod install' or update your CocoaPods installation.\nEOM\n    exit 1\nfi\n";
			showEnvVarsInLog = 0;
		};
/* End PBXShellScriptBuildPhase section */

/* Begin PBXSourcesBuildPhase section */
		81B1A0F518F32BB40053F5EF /* Sources */ = {
			isa = PBXSourcesBuildPhase;
			buildActionMask = 2147483647;
			files = (
				814FA6B418F4867500F06DE7 /* MyTableViewCel.m in Sources */,
				81B1A10F18F32BB40053F5EF /* AppDelegate.m in Sources */,
				814FA66418F34A7B00F06DE7 /* CameraViewController.m in Sources */,
				81B1A11218F32BB40053F5EF /* RapidGram.xcdatamodeld in Sources */,
				81B1A10B18F32BB40053F5EF /* main.m in Sources */,
				814FA65D18F3449100F06DE7 /* ExploreViewController.m in Sources */,
				814FA66118F3490400F06DE7 /* ActivityViewController.m in Sources */,
				561325B718F5DAF5001CB1A3 /* ProfileCollectionCell.m in Sources */,
				814FA65718F342A700F06DE7 /* ProfileViewController.m in Sources */,
				814FA6AE18F4650800F06DE7 /* HomeViewController.m in Sources */,
			);
			runOnlyForDeploymentPostprocessing = 0;
		};
		81B1A11518F32BB40053F5EF /* Sources */ = {
			isa = PBXSourcesBuildPhase;
			buildActionMask = 2147483647;
			files = (
				81B1A12818F32BB40053F5EF /* RapidGramTests.m in Sources */,
			);
			runOnlyForDeploymentPostprocessing = 0;
		};
/* End PBXSourcesBuildPhase section */

/* Begin PBXTargetDependency section */
		81B1A12018F32BB40053F5EF /* PBXTargetDependency */ = {
			isa = PBXTargetDependency;
			target = 81B1A0F818F32BB40053F5EF /* RapidGram */;
			targetProxy = 81B1A11F18F32BB40053F5EF /* PBXContainerItemProxy */;
		};
/* End PBXTargetDependency section */

/* Begin PBXVariantGroup section */
		81B1A10718F32BB40053F5EF /* InfoPlist.strings */ = {
			isa = PBXVariantGroup;
			children = (
				81B1A10818F32BB40053F5EF /* en */,
			);
			name = InfoPlist.strings;
			sourceTree = "<group>";
		};
		81B1A12418F32BB40053F5EF /* InfoPlist.strings */ = {
			isa = PBXVariantGroup;
			children = (
				81B1A12518F32BB40053F5EF /* en */,
			);
			name = InfoPlist.strings;
			sourceTree = "<group>";
		};
/* End PBXVariantGroup section */

/* Begin XCBuildConfiguration section */
		81B1A12918F32BB50053F5EF /* Debug */ = {
			isa = XCBuildConfiguration;
			buildSettings = {
				ALWAYS_SEARCH_USER_PATHS = NO;
				CLANG_CXX_LANGUAGE_STANDARD = "gnu++0x";
				CLANG_CXX_LIBRARY = "libc++";
				CLANG_ENABLE_MODULES = YES;
				CLANG_ENABLE_OBJC_ARC = YES;
				CLANG_WARN_BOOL_CONVERSION = YES;
				CLANG_WARN_CONSTANT_CONVERSION = YES;
				CLANG_WARN_DIRECT_OBJC_ISA_USAGE = YES_ERROR;
				CLANG_WARN_EMPTY_BODY = YES;
				CLANG_WARN_ENUM_CONVERSION = YES;
				CLANG_WARN_INT_CONVERSION = YES;
				CLANG_WARN_OBJC_ROOT_CLASS = YES_ERROR;
				CLANG_WARN__DUPLICATE_METHOD_MATCH = YES;
				"CODE_SIGN_IDENTITY[sdk=iphoneos*]" = "iPhone Developer";
				COPY_PHASE_STRIP = NO;
				GCC_C_LANGUAGE_STANDARD = gnu99;
				GCC_DYNAMIC_NO_PIC = NO;
				GCC_OPTIMIZATION_LEVEL = 0;
				GCC_PREPROCESSOR_DEFINITIONS = (
					"DEBUG=1",
					"$(inherited)",
				);
				GCC_SYMBOLS_PRIVATE_EXTERN = NO;
				GCC_WARN_64_TO_32_BIT_CONVERSION = YES;
				GCC_WARN_ABOUT_RETURN_TYPE = YES_ERROR;
				GCC_WARN_UNDECLARED_SELECTOR = YES;
				GCC_WARN_UNINITIALIZED_AUTOS = YES_AGGRESSIVE;
				GCC_WARN_UNUSED_FUNCTION = YES;
				GCC_WARN_UNUSED_VARIABLE = YES;
				IPHONEOS_DEPLOYMENT_TARGET = 7.1;
				ONLY_ACTIVE_ARCH = YES;
				SDKROOT = iphoneos;
			};
			name = Debug;
		};
		81B1A12A18F32BB50053F5EF /* Release */ = {
			isa = XCBuildConfiguration;
			buildSettings = {
				ALWAYS_SEARCH_USER_PATHS = NO;
				CLANG_CXX_LANGUAGE_STANDARD = "gnu++0x";
				CLANG_CXX_LIBRARY = "libc++";
				CLANG_ENABLE_MODULES = YES;
				CLANG_ENABLE_OBJC_ARC = YES;
				CLANG_WARN_BOOL_CONVERSION = YES;
				CLANG_WARN_CONSTANT_CONVERSION = YES;
				CLANG_WARN_DIRECT_OBJC_ISA_USAGE = YES_ERROR;
				CLANG_WARN_EMPTY_BODY = YES;
				CLANG_WARN_ENUM_CONVERSION = YES;
				CLANG_WARN_INT_CONVERSION = YES;
				CLANG_WARN_OBJC_ROOT_CLASS = YES_ERROR;
				CLANG_WARN__DUPLICATE_METHOD_MATCH = YES;
				"CODE_SIGN_IDENTITY[sdk=iphoneos*]" = "iPhone Developer";
				COPY_PHASE_STRIP = YES;
				ENABLE_NS_ASSERTIONS = NO;
				GCC_C_LANGUAGE_STANDARD = gnu99;
				GCC_WARN_64_TO_32_BIT_CONVERSION = YES;
				GCC_WARN_ABOUT_RETURN_TYPE = YES_ERROR;
				GCC_WARN_UNDECLARED_SELECTOR = YES;
				GCC_WARN_UNINITIALIZED_AUTOS = YES_AGGRESSIVE;
				GCC_WARN_UNUSED_FUNCTION = YES;
				GCC_WARN_UNUSED_VARIABLE = YES;
				IPHONEOS_DEPLOYMENT_TARGET = 7.1;
				SDKROOT = iphoneos;
				VALIDATE_PRODUCT = YES;
			};
			name = Release;
		};
		81B1A12C18F32BB50053F5EF /* Debug */ = {
			isa = XCBuildConfiguration;
			baseConfigurationReference = C3C57F78D8BC47D2A39724B4 /* Pods.xcconfig */;
			buildSettings = {
				ASSETCATALOG_COMPILER_APPICON_NAME = AppIcon;
				ASSETCATALOG_COMPILER_LAUNCHIMAGE_NAME = LaunchImage;
				GCC_PRECOMPILE_PREFIX_HEADER = YES;
				GCC_PREFIX_HEADER = "RapidGram/RapidGram-Prefix.pch";
				INFOPLIST_FILE = "RapidGram/RapidGram-Info.plist";
				PRODUCT_NAME = "$(TARGET_NAME)";
				WRAPPER_EXTENSION = app;
			};
			name = Debug;
		};
		81B1A12D18F32BB50053F5EF /* Release */ = {
			isa = XCBuildConfiguration;
			baseConfigurationReference = C3C57F78D8BC47D2A39724B4 /* Pods.xcconfig */;
			buildSettings = {
				ASSETCATALOG_COMPILER_APPICON_NAME = AppIcon;
				ASSETCATALOG_COMPILER_LAUNCHIMAGE_NAME = LaunchImage;
				GCC_PRECOMPILE_PREFIX_HEADER = YES;
				GCC_PREFIX_HEADER = "RapidGram/RapidGram-Prefix.pch";
				INFOPLIST_FILE = "RapidGram/RapidGram-Info.plist";
				PRODUCT_NAME = "$(TARGET_NAME)";
				WRAPPER_EXTENSION = app;
			};
			name = Release;
		};
		81B1A12F18F32BB50053F5EF /* Debug */ = {
			isa = XCBuildConfiguration;
			buildSettings = {
				BUNDLE_LOADER = "$(BUILT_PRODUCTS_DIR)/RapidGram.app/RapidGram";
				FRAMEWORK_SEARCH_PATHS = (
					"$(SDKROOT)/Developer/Library/Frameworks",
					"$(inherited)",
					"$(DEVELOPER_FRAMEWORKS_DIR)",
				);
				GCC_PRECOMPILE_PREFIX_HEADER = YES;
				GCC_PREFIX_HEADER = "RapidGram/RapidGram-Prefix.pch";
				GCC_PREPROCESSOR_DEFINITIONS = (
					"DEBUG=1",
					"$(inherited)",
				);
				INFOPLIST_FILE = "RapidGramTests/RapidGramTests-Info.plist";
				PRODUCT_NAME = "$(TARGET_NAME)";
				TEST_HOST = "$(BUNDLE_LOADER)";
				WRAPPER_EXTENSION = xctest;
			};
			name = Debug;
		};
		81B1A13018F32BB50053F5EF /* Release */ = {
			isa = XCBuildConfiguration;
			buildSettings = {
				BUNDLE_LOADER = "$(BUILT_PRODUCTS_DIR)/RapidGram.app/RapidGram";
				FRAMEWORK_SEARCH_PATHS = (
					"$(SDKROOT)/Developer/Library/Frameworks",
					"$(inherited)",
					"$(DEVELOPER_FRAMEWORKS_DIR)",
				);
				GCC_PRECOMPILE_PREFIX_HEADER = YES;
				GCC_PREFIX_HEADER = "RapidGram/RapidGram-Prefix.pch";
				INFOPLIST_FILE = "RapidGramTests/RapidGramTests-Info.plist";
				PRODUCT_NAME = "$(TARGET_NAME)";
				TEST_HOST = "$(BUNDLE_LOADER)";
				WRAPPER_EXTENSION = xctest;
			};
			name = Release;
		};
/* End XCBuildConfiguration section */

/* Begin XCConfigurationList section */
		81B1A0F418F32BB40053F5EF /* Build configuration list for PBXProject "RapidGram" */ = {
			isa = XCConfigurationList;
			buildConfigurations = (
				81B1A12918F32BB50053F5EF /* Debug */,
				81B1A12A18F32BB50053F5EF /* Release */,
			);
			defaultConfigurationIsVisible = 0;
			defaultConfigurationName = Release;
		};
		81B1A12B18F32BB50053F5EF /* Build configuration list for PBXNativeTarget "RapidGram" */ = {
			isa = XCConfigurationList;
			buildConfigurations = (
				81B1A12C18F32BB50053F5EF /* Debug */,
				81B1A12D18F32BB50053F5EF /* Release */,
			);
			defaultConfigurationIsVisible = 0;
			defaultConfigurationName = Release;
		};
		81B1A12E18F32BB50053F5EF /* Build configuration list for PBXNativeTarget "RapidGramTests" */ = {
			isa = XCConfigurationList;
			buildConfigurations = (
				81B1A12F18F32BB50053F5EF /* Debug */,
				81B1A13018F32BB50053F5EF /* Release */,
			);
			defaultConfigurationIsVisible = 0;
			defaultConfigurationName = Release;
		};
/* End XCConfigurationList section */

/* Begin XCVersionGroup section */
		81B1A11018F32BB40053F5EF /* RapidGram.xcdatamodeld */ = {
			isa = XCVersionGroup;
			children = (
				81B1A11118F32BB40053F5EF /* RapidGram.xcdatamodel */,
			);
			currentVersion = 81B1A11118F32BB40053F5EF /* RapidGram.xcdatamodel */;
			path = RapidGram.xcdatamodeld;
			sourceTree = "<group>";
			versionGroupType = wrapper.xcdatamodel;
		};
/* End XCVersionGroup section */
	};
	rootObject = 81B1A0F118F32BB40053F5EF /* Project object */;
}
